
Microsoft Visual Studio Solution File, Format Version 12.00
# Visual Studio Version 17
VisualStudioVersion = 17.1.32328.378
MinimumVisualStudioVersion = 10.0.40219.1
Project("{FAE04EC0-301F-11D3-BF4B-00C04F79EFBC}") = "WpfApp2", "WpfApp2\WpfApp2.csproj", "{15EC5B0E-B1B0-43BE-AE3F-97464012F205}"
EndProject
Project("{2150E333-8FDC-42A3-9474-1A3956D46DE8}") = "ValidationRule", "ValidationRule", "{F754E939-ADC5-4992-B36F-78B20706FDDC}"
EndProject
Global
	GlobalSection(SolutionConfigurationPlatforms) = preSolution
		Debug|Any CPU = Debug|Any CPU
		Release|Any CPU = Release|Any CPU
	EndGlobalSection
	GlobalSection(ProjectConfigurationPlatforms) = postSolution
		{15EC5B0E-B1B0-43BE-AE3F-97464012F205}.Debug|Any CPU.ActiveCfg = Debug|Any CPU
		{15EC5B0E-B1B0-43BE-AE3F-97464012F205}.Debug|Any CPU.Build.0 = Debug|Any CPU
		{15EC5B0E-B1B0-43BE-AE3F-97464012F205}.Release|Any CPU.ActiveCfg = Release|Any CPU
		{15EC5B0E-B1B0-43BE-AE3F-97464012F205}.Release|Any CPU.Build.0 = Release|Any CPU
	EndGlobalSection
	GlobalSection(SolutionProperties) = preSolution
		HideSolutionNode = FALSE
	EndGlobalSection
	GlobalSection(ExtensibilityGlobals) = postSolution
		SolutionGuid = {31A74471-23D4-4788-8FC7-FE4E5E2196F2}
	EndGlobalSection
EndGlobal
